Microsoft Visual Studio Solution File, Format Version 12.00
# Visual Studio Version 17
VisualStudioVersion = 17.9.34728.123
MinimumVisualStudioVersion = 10.0.40219.1
Project("{54A90642-561A-4BB1-A94E-469ADEE60C69}") = "BuildVersions", "BuildVersions\BuildVersions.esproj", "{4F575C0F-13AD-4CD0-ADB4-1DBF3DB463CF}"
EndProject
Project("{9A19103F-16F7-4668-BE54-9A1E7A4F7556}") = "BuildVersionsApi", "BuildVersionsApi\BuildVersionsApi.csproj", "{6B504611-2928-422E-AC76-1F0E553A5C57}"
EndProject
Project("{9A19103F-16F7-4668-BE54-9A1E7A4F7556}") = "BuildVersionsApi.Domain", "BuildVersionsApi.Domain\BuildVersionsApi.Domain.csproj", "{29CFDCE6-9BAB-41DA-8B94-9398831BDB41}"
EndProject
Project("{9A19103F-16F7-4668-BE54-9A1E7A4F7556}") = "BuildVersionsApi.Features", "BuildVersionsApi.Features\BuildVersionsApi.Features.csproj", "{888CA93B-0C16-48DA-8B2F-601693DE0526}"
EndProject
Project("{9A19103F-16F7-4668-BE54-9A1E7A4F7556}") = "BuildVersionsApi.Persistance", "BuildVersionsApi.Persistance\BuildVersionsApi.Persistance.csproj", "{709496A1-FF23-4C8D-B331-9E06FED4DF35}"
EndProject
Project("{2150E333-8FDC-42A3-9474-1A3956D46DE8}") = "Deploy", "Deploy", "{5ABCDD52-FC0D-4DAA-8471-B83C84CF193D}"
	ProjectSection(SolutionItems) = preProject
		Deploy\namespace.yaml = Deploy\namespace.yaml
	EndProjectSection
EndProject
Project("{2150E333-8FDC-42A3-9474-1A3956D46DE8}") = "Build and deploy", "Build and deploy", "{8FEB7ED9-397E-458D-81FE-BB75D80D7886}"
	ProjectSection(SolutionItems) = preProject
		BuildWithVersioning.ps1 = BuildWithVersioning.ps1
		DeployWithVersioning.ps1 = DeployWithVersioning.ps1
		InitBuild.ps1 = InitBuild.ps1
		InitDeploy.ps1 = InitDeploy.ps1
		ReadMe.md = ReadMe.md
	EndProjectSection
EndProject
Project("{2150E333-8FDC-42A3-9474-1A3956D46DE8}") = "Setup", "Setup", "{0B4ABDDD-675F-4515-941C-5832977BA621}"
	ProjectSection(SolutionItems) = preProject
		Setup\config.yaml = Setup\config.yaml
		Setup\ContainerTools.ps1 = Setup\ContainerTools.ps1
		Setup\CreateCluster.ps1 = Setup\CreateCluster.ps1
		Setup\DeleteCluster.ps1 = Setup\DeleteCluster.ps1
	EndProjectSection
EndProject
Project("{9A19103F-16F7-4668-BE54-9A1E7A4F7556}") = "Auth.Module", "Auth.Module\Auth.Module.csproj", "{F18699E5-5221-436A-BF49-D96264FF54EB}"
EndProject
Project("{9A19103F-16F7-4668-BE54-9A1E7A4F7556}") = "BuildVersionsApi.Diagnostics", "BuildVersionsApi.Diagnostics\BuildVersionsApi.Diagnostics.csproj", "{E2637E04-811E-4A81-B1F9-23D43740F59C}"
EndProject
Project("{2150E333-8FDC-42A3-9474-1A3956D46DE8}") = "local", "local", "{AEA600AA-D4F0-4824-A4E6-8FE237D7EED9}"
EndProject
Project("{2150E333-8FDC-42A3-9474-1A3956D46DE8}") = "ubk3s", "ubk3s", "{EC0F7610-A436-4364-B68F-BCB0DDF72247}"
EndProject
Project("{2150E333-8FDC-42A3-9474-1A3956D46DE8}") = "backend", "backend", "{48520FCC-B577-46CF-8299-35176D5D0BB6}"
	ProjectSection(SolutionItems) = preProject
		Deploy\local\buildversionsapi\configmap.yaml = Deploy\local\buildversionsapi\configmap.yaml
		Deploy\local\buildversionsapi\create-sealed-secret.ps1 = Deploy\local\buildversionsapi\create-sealed-secret.ps1
		Deploy\local\buildversionsapi\create-sealed-secret.sh = Deploy\local\buildversionsapi\create-sealed-secret.sh
		Deploy\local\buildversionsapi\deployment.yaml = Deploy\local\buildversionsapi\deployment.yaml
		Deploy\local\buildversionsapi\ingress.yaml = Deploy\local\buildversionsapi\ingress.yaml
		Deploy\local\buildversionsapi\kustomization.yaml = Deploy\local\buildversionsapi\kustomization.yaml
		Deploy\local\buildversionsapi\persistentvolumeclaim.yaml = Deploy\local\buildversionsapi\persistentvolumeclaim.yaml
		Deploy\local\buildversionsapi\secret.yaml = Deploy\local\buildversionsapi\secret.yaml
		Deploy\local\buildversionsapi\service.yaml = Deploy\local\buildversionsapi\service.yaml
	EndProjectSection
EndProject
Project("{2150E333-8FDC-42A3-9474-1A3956D46DE8}") = "secrets", "secrets", "{269EBD2F-5B27-42B1-8A88-135384AFFFD3}"
	ProjectSection(SolutionItems) = preProject
		Deploy\local\buildversionsapi\secrets\ConnectionStrings__AuthDb = Deploy\local\buildversionsapi\secrets\ConnectionStrings__AuthDb
		Deploy\local\buildversionsapi\secrets\ConnectionStrings__BuildVersionsDb = Deploy\local\buildversionsapi\secrets\ConnectionStrings__BuildVersionsDb
		Deploy\local\buildversionsapi\secrets\JwtSettings__Secret = Deploy\local\buildversionsapi\secrets\JwtSettings__Secret
	EndProjectSection
EndProject
Project("{2150E333-8FDC-42A3-9474-1A3956D46DE8}") = "frontend", "frontend", "{7724D1C3-1560-4F4E-9A1D-E14FE040A396}"
	ProjectSection(SolutionItems) = preProject
		Deploy\local\buildversions\deployment.yaml = Deploy\local\buildversions\deployment.yaml
		Deploy\local\buildversions\ingress.yaml = Deploy\local\buildversions\ingress.yaml
		Deploy\local\buildversions\kustomization.yaml = Deploy\local\buildversions\kustomization.yaml
		Deploy\local\buildversions\service.yaml = Deploy\local\buildversions\service.yaml
	EndProjectSection
EndProject
Project("{2150E333-8FDC-42A3-9474-1A3956D46DE8}") = "backend", "backend", "{A65E5312-5291-4C4D-A5C2-B123CE9ABDB7}"
	ProjectSection(SolutionItems) = preProject
		Deploy\ubk3s\buildversionsapi\configmap.yaml = Deploy\ubk3s\buildversionsapi\configmap.yaml
		Deploy\ubk3s\buildversionsapi\create-sealed-secret.ps1 = Deploy\ubk3s\buildversionsapi\create-sealed-secret.ps1
		Deploy\ubk3s\buildversionsapi\create-sealed-secret.sh = Deploy\ubk3s\buildversionsapi\create-sealed-secret.sh
		Deploy\ubk3s\buildversionsapi\deployment.yaml = Deploy\ubk3s\buildversionsapi\deployment.yaml
		Deploy\ubk3s\buildversionsapi\ingress.yaml = Deploy\ubk3s\buildversionsapi\ingress.yaml
		Deploy\ubk3s\buildversionsapi\kustomization.yaml = Deploy\ubk3s\buildversionsapi\kustomization.yaml
		Deploy\ubk3s\buildversionsapi\persistentvolume.yaml = Deploy\ubk3s\buildversionsapi\persistentvolume.yaml
		Deploy\ubk3s\buildversionsapi\persistentvolumeclaim.yaml = Deploy\ubk3s\buildversionsapi\persistentvolumeclaim.yaml
		Deploy\ubk3s\buildversionsapi\secret.yaml = Deploy\ubk3s\buildversionsapi\secret.yaml
		Deploy\ubk3s\buildversionsapi\service.yaml = Deploy\ubk3s\buildversionsapi\service.yaml
	EndProjectSection
EndProject
Project("{2150E333-8FDC-42A3-9474-1A3956D46DE8}") = "secrets", "secrets", "{9D28528C-BEC2-4854-8E9E-DB34D281BCE9}"
	ProjectSection(SolutionItems) = preProject
		Deploy\ubk3s\buildversionsapi\secrets\ConnectionStrings__AuthDb = Deploy\ubk3s\buildversionsapi\secrets\ConnectionStrings__AuthDb
		Deploy\ubk3s\buildversionsapi\secrets\ConnectionStrings__BuildVersionsDb = Deploy\ubk3s\buildversionsapi\secrets\ConnectionStrings__BuildVersionsDb
		Deploy\ubk3s\buildversionsapi\secrets\JwtSettings__Secret = Deploy\ubk3s\buildversionsapi\secrets\JwtSettings__Secret
	EndProjectSection
EndProject
Project("{2150E333-8FDC-42A3-9474-1A3956D46DE8}") = "Solution Items", "Solution Items", "{AFAEE3C6-8B9B-4C32-A759-8CDFBD19DF84}"
	ProjectSection(SolutionItems) = preProject
		access.yaml = access.yaml
	EndProjectSection
EndProject
Project("{2150E333-8FDC-42A3-9474-1A3956D46DE8}") = "prometheus", "prometheus", "{C49C7535-7E8B-43A5-A58C-6959D186E9D6}"
	ProjectSection(SolutionItems) = preProject
		Setup\prometheus\clusterrole.yaml = Setup\prometheus\clusterrole.yaml
		Setup\prometheus\configmap.yaml = Setup\prometheus\configmap.yaml
		Setup\prometheus\deployment.yaml = Setup\prometheus\deployment.yaml
		Setup\prometheus\ingress.yaml = Setup\prometheus\ingress.yaml
		Setup\prometheus\kustomization.yaml = Setup\prometheus\kustomization.yaml
		Setup\prometheus\namespace.yaml = Setup\prometheus\namespace.yaml
		Setup\prometheus\persistentvolume.yaml = Setup\prometheus\persistentvolume.yaml
		Setup\prometheus\service.yaml = Setup\prometheus\service.yaml
	EndProjectSection
EndProject
Global
	GlobalSection(SolutionConfigurationPlatforms) = preSolution
		Debug|Any CPU = Debug|Any CPU
		Release|Any CPU = Release|Any CPU
	EndGlobalSection
	GlobalSection(ProjectConfigurationPlatforms) = postSolution
		{4F575C0F-13AD-4CD0-ADB4-1DBF3DB463CF}.Debug|Any CPU.ActiveCfg = Debug|Any CPU
		{4F575C0F-13AD-4CD0-ADB4-1DBF3DB463CF}.Debug|Any CPU.Build.0 = Debug|Any CPU
		{4F575C0F-13AD-4CD0-ADB4-1DBF3DB463CF}.Debug|Any CPU.Deploy.0 = Debug|Any CPU
		{4F575C0F-13AD-4CD0-ADB4-1DBF3DB463CF}.Release|Any CPU.ActiveCfg = Release|Any CPU
		{4F575C0F-13AD-4CD0-ADB4-1DBF3DB463CF}.Release|Any CPU.Build.0 = Release|Any CPU
		{4F575C0F-13AD-4CD0-ADB4-1DBF3DB463CF}.Release|Any CPU.Deploy.0 = Release|Any CPU
		{6B504611-2928-422E-AC76-1F0E553A5C57}.Debug|Any CPU.ActiveCfg = Debug|Any CPU
		{6B504611-2928-422E-AC76-1F0E553A5C57}.Debug|Any CPU.Build.0 = Debug|Any CPU
		{6B504611-2928-422E-AC76-1F0E553A5C57}.Release|Any CPU.ActiveCfg = Release|Any CPU
		{6B504611-2928-422E-AC76-1F0E553A5C57}.Release|Any CPU.Build.0 = Release|Any CPU
		{29CFDCE6-9BAB-41DA-8B94-9398831BDB41}.Debug|Any CPU.ActiveCfg = Debug|Any CPU
		{29CFDCE6-9BAB-41DA-8B94-9398831BDB41}.Debug|Any CPU.Build.0 = Debug|Any CPU
		{29CFDCE6-9BAB-41DA-8B94-9398831BDB41}.Release|Any CPU.ActiveCfg = Release|Any CPU
		{29CFDCE6-9BAB-41DA-8B94-9398831BDB41}.Release|Any CPU.Build.0 = Release|Any CPU
		{888CA93B-0C16-48DA-8B2F-601693DE0526}.Debug|Any CPU.ActiveCfg = Debug|Any CPU
		{888CA93B-0C16-48DA-8B2F-601693DE0526}.Debug|Any CPU.Build.0 = Debug|Any CPU
		{888CA93B-0C16-48DA-8B2F-601693DE0526}.Release|Any CPU.ActiveCfg = Release|Any CPU
		{888CA93B-0C16-48DA-8B2F-601693DE0526}.Release|Any CPU.Build.0 = Release|Any CPU
		{709496A1-FF23-4C8D-B331-9E06FED4DF35}.Debug|Any CPU.ActiveCfg = Debug|Any CPU
		{709496A1-FF23-4C8D-B331-9E06FED4DF35}.Debug|Any CPU.Build.0 = Debug|Any CPU
		{709496A1-FF23-4C8D-B331-9E06FED4DF35}.Release|Any CPU.ActiveCfg = Release|Any CPU
		{709496A1-FF23-4C8D-B331-9E06FED4DF35}.Release|Any CPU.Build.0 = Release|Any CPU
		{F18699E5-5221-436A-BF49-D96264FF54EB}.Debug|Any CPU.ActiveCfg = Debug|Any CPU
		{F18699E5-5221-436A-BF49-D96264FF54EB}.Debug|Any CPU.Build.0 = Debug|Any CPU
		{F18699E5-5221-436A-BF49-D96264FF54EB}.Release|Any CPU.ActiveCfg = Release|Any CPU
		{F18699E5-5221-436A-BF49-D96264FF54EB}.Release|Any CPU.Build.0 = Release|Any CPU
		{E2637E04-811E-4A81-B1F9-23D43740F59C}.Debug|Any CPU.ActiveCfg = Debug|Any CPU
		{E2637E04-811E-4A81-B1F9-23D43740F59C}.Debug|Any CPU.Build.0 = Debug|Any CPU
		{E2637E04-811E-4A81-B1F9-23D43740F59C}.Release|Any CPU.ActiveCfg = Release|Any CPU
		{E2637E04-811E-4A81-B1F9-23D43740F59C}.Release|Any CPU.Build.0 = Release|Any CPU
	EndGlobalSection
	GlobalSection(SolutionProperties) = preSolution
		HideSolutionNode = FALSE
	EndGlobalSection
	GlobalSection(NestedProjects) = preSolution
		{AEA600AA-D4F0-4824-A4E6-8FE237D7EED9} = {5ABCDD52-FC0D-4DAA-8471-B83C84CF193D}
		{C49C7535-7E8B-43A5-A58C-6959D186E9D6} = {0B4ABDDD-675F-4515-941C-5832977BA621}
		{EC0F7610-A436-4364-B68F-BCB0DDF72247} = {5ABCDD52-FC0D-4DAA-8471-B83C84CF193D}
		{48520FCC-B577-46CF-8299-35176D5D0BB6} = {AEA600AA-D4F0-4824-A4E6-8FE237D7EED9}
		{269EBD2F-5B27-42B1-8A88-135384AFFFD3} = {48520FCC-B577-46CF-8299-35176D5D0BB6}
		{7724D1C3-1560-4F4E-9A1D-E14FE040A396} = {AEA600AA-D4F0-4824-A4E6-8FE237D7EED9}
		{A65E5312-5291-4C4D-A5C2-B123CE9ABDB7} = {EC0F7610-A436-4364-B68F-BCB0DDF72247}
		{9D28528C-BEC2-4854-8E9E-DB34D281BCE9} = {A65E5312-5291-4C4D-A5C2-B123CE9ABDB7}
	EndGlobalSection
	GlobalSection(ExtensibilityGlobals) = postSolution
		SolutionGuid = {E41000BD-5883-4879-9D85-41E567DFF821}
	EndGlobalSection
EndGlobal
