
Microsoft Visual Studio Solution File, Format Version 12.00
# Visual Studio Version 17
VisualStudioVersion = 17.4.33205.214
MinimumVisualStudioVersion = 10.0.40219.1
Project("{2150E333-8FDC-42A3-9474-1A3956D46DE8}") = "Setup", "Setup", "{76031E55-2F2D-4976-AAFD-E3C06BB9C6DC}"
	ProjectSection(SolutionItems) = preProject
		Setup\CreateCluster.ps1 = Setup\CreateCluster.ps1
		Setup\config.yaml = Setup\config.yaml
		Setup\DeleteCluster.ps1 = Setup\DeleteCluster.ps1
	EndProjectSection
EndProject
Project("{2150E333-8FDC-42A3-9474-1A3956D46DE8}") = "grafana", "grafana", "{0523381B-936F-4270-8332-8E93ED331273}"
	ProjectSection(SolutionItems) = preProject
		Setup\grafana\configmap.yaml = Setup\grafana\configmap.yaml
		Setup\grafana\deployment.yaml = Setup\grafana\deployment.yaml
		Setup\grafana\ingress.yaml = Setup\grafana\ingress.yaml
		Setup\grafana\kustomization.yaml = Setup\grafana\kustomization.yaml
		Setup\grafana\namespace.yaml = Setup\grafana\namespace.yaml
		Setup\grafana\persistentvolume.yaml = Setup\grafana\persistentvolume.yaml
		Setup\grafana\service.yaml = Setup\grafana\service.yaml
	EndProjectSection
EndProject
Project("{2150E333-8FDC-42A3-9474-1A3956D46DE8}") = "mysql", "mysql", "{B36A513E-6622-4B88-A06B-9965EEE07816}"
	ProjectSection(SolutionItems) = preProject
		Setup\mysql\deployment.yaml = Setup\mysql\deployment.yaml
		Setup\mysql\kustomization.yaml = Setup\mysql\kustomization.yaml
		Setup\mysql\namespace.yaml = Setup\mysql\namespace.yaml
		Setup\mysql\persistentvolume.yaml = Setup\mysql\persistentvolume.yaml
		Setup\mysql\service.yaml = Setup\mysql\service.yaml
	EndProjectSection
EndProject
Project("{2150E333-8FDC-42A3-9474-1A3956D46DE8}") = "nats", "nats", "{9B9831BE-D06B-4F44-BCE2-27A57A0D4305}"
	ProjectSection(SolutionItems) = preProject
		Setup\nats\configmap.yaml = Setup\nats\configmap.yaml
		Setup\nats\ingress.yaml = Setup\nats\ingress.yaml
		Setup\nats\kustomization.yaml = Setup\nats\kustomization.yaml
		Setup\nats\namespace.yaml = Setup\nats\namespace.yaml
		Setup\nats\nats.conf = Setup\nats\nats.conf
		Setup\nats\service.yaml = Setup\nats\service.yaml
		Setup\nats\statefulset.yaml = Setup\nats\statefulset.yaml
	EndProjectSection
EndProject
Project("{2150E333-8FDC-42A3-9474-1A3956D46DE8}") = "prometheus", "prometheus", "{9C672CAE-A2D2-486D-9B1A-2B3BA20B4537}"
	ProjectSection(SolutionItems) = preProject
		Setup\prometheus\clusterrole.yaml = Setup\prometheus\clusterrole.yaml
		Setup\prometheus\configmap.yaml = Setup\prometheus\configmap.yaml
		Setup\prometheus\deployment.yaml = Setup\prometheus\deployment.yaml
		Setup\prometheus\ingress.yaml = Setup\prometheus\ingress.yaml
		Setup\prometheus\kustomization.yaml = Setup\prometheus\kustomization.yaml
		Setup\prometheus\namespace.yaml = Setup\prometheus\namespace.yaml
		Setup\prometheus\persistentvolume.yaml = Setup\prometheus\persistentvolume.yaml
		Setup\prometheus\service.yaml = Setup\prometheus\service.yaml
	EndProjectSection
EndProject
Project("{2150E333-8FDC-42A3-9474-1A3956D46DE8}") = "redis", "redis", "{B9692178-8A14-4302-974C-D284B0622185}"
	ProjectSection(SolutionItems) = preProject
		Setup\redis\deployment.yaml = Setup\redis\deployment.yaml
		Setup\redis\kustomization.yaml = Setup\redis\kustomization.yaml
		Setup\redis\namespace.yaml = Setup\redis\namespace.yaml
		Setup\redis\service.yaml = Setup\redis\service.yaml
	EndProjectSection
EndProject
Project("{2150E333-8FDC-42A3-9474-1A3956D46DE8}") = "sealedsecrets", "sealedsecrets", "{01E52C2C-6101-42E8-937A-5A731B80CB26}"
	ProjectSection(SolutionItems) = preProject
		Setup\sealedsecrets\controller.yaml = Setup\sealedsecrets\controller.yaml
		Setup\sealedsecrets\kustomization.yaml = Setup\sealedsecrets\kustomization.yaml
	EndProjectSection
EndProject
Project("{2150E333-8FDC-42A3-9474-1A3956D46DE8}") = "Solution Items", "Solution Items", "{F53FD7D3-8D9E-44AF-BC8F-3EE6EF61E894}"
	ProjectSection(SolutionItems) = preProject
		ReadMe.md = ReadMe.md
	EndProjectSection
EndProject
Global
	GlobalSection(SolutionProperties) = preSolution
		HideSolutionNode = FALSE
	EndGlobalSection
	GlobalSection(NestedProjects) = preSolution
		{0523381B-936F-4270-8332-8E93ED331273} = {76031E55-2F2D-4976-AAFD-E3C06BB9C6DC}
		{B36A513E-6622-4B88-A06B-9965EEE07816} = {76031E55-2F2D-4976-AAFD-E3C06BB9C6DC}
		{9B9831BE-D06B-4F44-BCE2-27A57A0D4305} = {76031E55-2F2D-4976-AAFD-E3C06BB9C6DC}
		{9C672CAE-A2D2-486D-9B1A-2B3BA20B4537} = {76031E55-2F2D-4976-AAFD-E3C06BB9C6DC}
		{B9692178-8A14-4302-974C-D284B0622185} = {76031E55-2F2D-4976-AAFD-E3C06BB9C6DC}
		{01E52C2C-6101-42E8-937A-5A731B80CB26} = {76031E55-2F2D-4976-AAFD-E3C06BB9C6DC}
	EndGlobalSection
	GlobalSection(ExtensibilityGlobals) = postSolution
		SolutionGuid = {E98CD0B2-F671-442D-B4E9-238E4474AC80}
	EndGlobalSection
EndGlobal
