
Microsoft Visual Studio Solution File, Format Version 12.00
# Visual Studio Version 17
VisualStudioVersion = 17.9.34616.47
MinimumVisualStudioVersion = 10.0.40219.1
Project("{54A90642-561A-4BB1-A94E-469ADEE60C69}") = "BuildVersions", "BuildVersions.esproj", "{C18535E8-4B59-4DD4-BB68-7F6BE065228E}"
EndProject
Global
	GlobalSection(SolutionConfigurationPlatforms) = preSolution
		Debug|Any CPU = Debug|Any CPU
		Release|Any CPU = Release|Any CPU
	EndGlobalSection
	GlobalSection(ProjectConfigurationPlatforms) = postSolution
		{C18535E8-4B59-4DD4-BB68-7F6BE065228E}.Debug|Any CPU.ActiveCfg = Debug|Any CPU
		{C18535E8-4B59-4DD4-BB68-7F6BE065228E}.Debug|Any CPU.Build.0 = Debug|Any CPU
		{C18535E8-4B59-4DD4-BB68-7F6BE065228E}.Debug|Any CPU.Deploy.0 = Debug|Any CPU
		{C18535E8-4B59-4DD4-BB68-7F6BE065228E}.Release|Any CPU.ActiveCfg = Release|Any CPU
		{C18535E8-4B59-4DD4-BB68-7F6BE065228E}.Release|Any CPU.Build.0 = Release|Any CPU
		{C18535E8-4B59-4DD4-BB68-7F6BE065228E}.Release|Any CPU.Deploy.0 = Release|Any CPU
	EndGlobalSection
	GlobalSection(SolutionProperties) = preSolution
		HideSolutionNode = FALSE
	EndGlobalSection
	GlobalSection(ExtensibilityGlobals) = postSolution
		SolutionGuid = {DB4857CE-7FF5-40F1-8D13-5D84904654FF}
	EndGlobalSection
EndGlobal
